
Microsoft Visual Studio Solution File, Format Version 12.00
# Visual Studio Version 16
VisualStudioVersion = 16.6.30114.105
MinimumVisualStudioVersion = 10.0.40219.1
Project("{2150E333-8FDC-42A3-9474-1A3956D46DE8}") = "src", "src", "{609F89FC-69DA-4441-BFC6-6E9CC775E577}"
EndProject
Project("{FAE04EC0-301F-11D3-BF4B-00C04F79EFBC}") = "dotNET_Java", "src\dotNET_Java\dotNET_Java.csproj", "{D7456D5E-7660-4AE6-AED3-9C7632CBB5E7}"
EndProject
Project("{2150E333-8FDC-42A3-9474-1A3956D46DE8}") = "test", "test", "{D07DFC24-7A22-48AD-98E4-5113A826B149}"
EndProject
Project("{FAE04EC0-301F-11D3-BF4B-00C04F79EFBC}") = "dotNET_Java_TEST", "test\dotNET_Java_TEST\dotNET_Java_TEST.csproj", "{40B42262-CE38-445D-8E62-F7C071BD8D94}"
EndProject
Global
	GlobalSection(SolutionConfigurationPlatforms) = preSolution
		Debug|Any CPU = Debug|Any CPU
		Debug|x64 = Debug|x64
		Debug|x86 = Debug|x86
		Release|Any CPU = Release|Any CPU
		Release|x64 = Release|x64
		Release|x86 = Release|x86
	EndGlobalSection
	GlobalSection(SolutionProperties) = preSolution
		HideSolutionNode = FALSE
	EndGlobalSection
	GlobalSection(ProjectConfigurationPlatforms) = postSolution
		{D7456D5E-7660-4AE6-AED3-9C7632CBB5E7}.Debug|Any CPU.ActiveCfg = Debug|Any CPU
		{D7456D5E-7660-4AE6-AED3-9C7632CBB5E7}.Debug|Any CPU.Build.0 = Debug|Any CPU
		{D7456D5E-7660-4AE6-AED3-9C7632CBB5E7}.Debug|x64.ActiveCfg = Debug|Any CPU
		{D7456D5E-7660-4AE6-AED3-9C7632CBB5E7}.Debug|x64.Build.0 = Debug|Any CPU
		{D7456D5E-7660-4AE6-AED3-9C7632CBB5E7}.Debug|x86.ActiveCfg = Debug|Any CPU
		{D7456D5E-7660-4AE6-AED3-9C7632CBB5E7}.Debug|x86.Build.0 = Debug|Any CPU
		{D7456D5E-7660-4AE6-AED3-9C7632CBB5E7}.Release|Any CPU.ActiveCfg = Release|Any CPU
		{D7456D5E-7660-4AE6-AED3-9C7632CBB5E7}.Release|Any CPU.Build.0 = Release|Any CPU
		{D7456D5E-7660-4AE6-AED3-9C7632CBB5E7}.Release|x64.ActiveCfg = Release|Any CPU
		{D7456D5E-7660-4AE6-AED3-9C7632CBB5E7}.Release|x64.Build.0 = Release|Any CPU
		{D7456D5E-7660-4AE6-AED3-9C7632CBB5E7}.Release|x86.ActiveCfg = Release|Any CPU
		{D7456D5E-7660-4AE6-AED3-9C7632CBB5E7}.Release|x86.Build.0 = Release|Any CPU
		{40B42262-CE38-445D-8E62-F7C071BD8D94}.Debug|Any CPU.ActiveCfg = Debug|Any CPU
		{40B42262-CE38-445D-8E62-F7C071BD8D94}.Debug|Any CPU.Build.0 = Debug|Any CPU
		{40B42262-CE38-445D-8E62-F7C071BD8D94}.Debug|x64.ActiveCfg = Debug|Any CPU
		{40B42262-CE38-445D-8E62-F7C071BD8D94}.Debug|x64.Build.0 = Debug|Any CPU
		{40B42262-CE38-445D-8E62-F7C071BD8D94}.Debug|x86.ActiveCfg = Debug|Any CPU
		{40B42262-CE38-445D-8E62-F7C071BD8D94}.Debug|x86.Build.0 = Debug|Any CPU
		{40B42262-CE38-445D-8E62-F7C071BD8D94}.Release|Any CPU.ActiveCfg = Release|Any CPU
		{40B42262-CE38-445D-8E62-F7C071BD8D94}.Release|Any CPU.Build.0 = Release|Any CPU
		{40B42262-CE38-445D-8E62-F7C071BD8D94}.Release|x64.ActiveCfg = Release|Any CPU
		{40B42262-CE38-445D-8E62-F7C071BD8D94}.Release|x64.Build.0 = Release|Any CPU
		{40B42262-CE38-445D-8E62-F7C071BD8D94}.Release|x86.ActiveCfg = Release|Any CPU
		{40B42262-CE38-445D-8E62-F7C071BD8D94}.Release|x86.Build.0 = Release|Any CPU
	EndGlobalSection
	GlobalSection(NestedProjects) = preSolution
		{D7456D5E-7660-4AE6-AED3-9C7632CBB5E7} = {609F89FC-69DA-4441-BFC6-6E9CC775E577}
		{40B42262-CE38-445D-8E62-F7C071BD8D94} = {D07DFC24-7A22-48AD-98E4-5113A826B149}
	EndGlobalSection
EndGlobal
